
Microsoft Visual Studio Solution File, Format Version 12.00
# Visual Studio Version 17
VisualStudioVersion = 17.1.32414.318
MinimumVisualStudioVersion = 10.0.40219.1
Project("{FAE04EC0-301F-11D3-BF4B-00C04F79EFBC}") = "Prueba Scaffollding", "Prueba Scaffollding.csproj", "{0F55AF0E-79C0-4FF4-A413-A6C579405C5F}"
EndProject
Global
	GlobalSection(SolutionConfigurationPlatforms) = preSolution
		Debug|Any CPU = Debug|Any CPU
		Release|Any CPU = Release|Any CPU
	EndGlobalSection
	GlobalSection(ProjectConfigurationPlatforms) = postSolution
		{0F55AF0E-79C0-4FF4-A413-A6C579405C5F}.Debug|Any CPU.ActiveCfg = Debug|Any CPU
		{0F55AF0E-79C0-4FF4-A413-A6C579405C5F}.Debug|Any CPU.Build.0 = Debug|Any CPU
		{0F55AF0E-79C0-4FF4-A413-A6C579405C5F}.Release|Any CPU.ActiveCfg = Release|Any CPU
		{0F55AF0E-79C0-4FF4-A413-A6C579405C5F}.Release|Any CPU.Build.0 = Release|Any CPU
	EndGlobalSection
	GlobalSection(SolutionProperties) = preSolution
		HideSolutionNode = FALSE
	EndGlobalSection
	GlobalSection(ExtensibilityGlobals) = postSolution
		SolutionGuid = {A8B01914-F840-4B49-B151-C3F164F9D60F}
	EndGlobalSection
EndGlobal
